
Microsoft Visual Studio Solution File, Format Version 12.00
# Visual Studio Version 16
VisualStudioVersion = 16.0.29230.47
MinimumVisualStudioVersion = 10.0.40219.1
Project("{FAE04EC0-301F-11D3-BF4B-00C04F79EFBC}") = "StringEqualityLinhH", "StringEqualityLinhH\StringEqualityLinhH.csproj", "{F89EC30B-4812-48DB-9DD9-1E7A765FD712}"
EndProject
Global
	GlobalSection(SolutionConfigurationPlatforms) = preSolution
		Debug|Any CPU = Debug|Any CPU
		Release|Any CPU = Release|Any CPU
	EndGlobalSection
	GlobalSection(ProjectConfigurationPlatforms) = postSolution
		{F89EC30B-4812-48DB-9DD9-1E7A765FD712}.Debug|Any CPU.ActiveCfg = Debug|Any CPU
		{F89EC30B-4812-48DB-9DD9-1E7A765FD712}.Debug|Any CPU.Build.0 = Debug|Any CPU
		{F89EC30B-4812-48DB-9DD9-1E7A765FD712}.Release|Any CPU.ActiveCfg = Release|Any CPU
		{F89EC30B-4812-48DB-9DD9-1E7A765FD712}.Release|Any CPU.Build.0 = Release|Any CPU
	EndGlobalSection
	GlobalSection(SolutionProperties) = preSolution
		HideSolutionNode = FALSE
	EndGlobalSection
	GlobalSection(ExtensibilityGlobals) = postSolution
		SolutionGuid = {83DA76CB-F4EB-475C-80DA-472170B491FD}
	EndGlobalSection
EndGlobal
